
Microsoft Visual Studio Solution File, Format Version 12.00
# Visual Studio Version 16
VisualStudioVersion = 16.0.30225.117
MinimumVisualStudioVersion = 10.0.40219.1
Project("{FAE04EC0-301F-11D3-BF4B-00C04F79EFBC}") = "SimpleDBCookieExample", "SimpleDBCookieExample\SimpleDBCookieExample.csproj", "{D4209135-3B27-4D4E-9735-1117842DBFF5}"
EndProject
Global
	GlobalSection(SolutionConfigurationPlatforms) = preSolution
		Debug|Any CPU = Debug|Any CPU
		Release|Any CPU = Release|Any CPU
	EndGlobalSection
	GlobalSection(ProjectConfigurationPlatforms) = postSolution
		{D4209135-3B27-4D4E-9735-1117842DBFF5}.Debug|Any CPU.ActiveCfg = Debug|Any CPU
		{D4209135-3B27-4D4E-9735-1117842DBFF5}.Debug|Any CPU.Build.0 = Debug|Any CPU
		{D4209135-3B27-4D4E-9735-1117842DBFF5}.Release|Any CPU.ActiveCfg = Release|Any CPU
		{D4209135-3B27-4D4E-9735-1117842DBFF5}.Release|Any CPU.Build.0 = Release|Any CPU
	EndGlobalSection
	GlobalSection(SolutionProperties) = preSolution
		HideSolutionNode = FALSE
	EndGlobalSection
	GlobalSection(ExtensibilityGlobals) = postSolution
		SolutionGuid = {60CFD341-E06D-44B5-89F0-643A0932E460}
	EndGlobalSection
EndGlobal
